
Microsoft Visual Studio Solution File, Format Version 12.00
# Visual Studio Version 16
VisualStudioVersion = 16.0.30907.101
MinimumVisualStudioVersion = 10.0.40219.1
Project("{9A19103F-16F7-4668-BE54-9A1E7A4F7556}") = "Hotels.API", "Hotels.API\Hotels.API.csproj", "{C465D8C9-BCEC-4EC2-89BA-FB6CB0D27F4E}"
EndProject
Global
	GlobalSection(SolutionConfigurationPlatforms) = preSolution
		Debug|Any CPU = Debug|Any CPU
		Release|Any CPU = Release|Any CPU
	EndGlobalSection
	GlobalSection(ProjectConfigurationPlatforms) = postSolution
		{C465D8C9-BCEC-4EC2-89BA-FB6CB0D27F4E}.Debug|Any CPU.ActiveCfg = Debug|Any CPU
		{C465D8C9-BCEC-4EC2-89BA-FB6CB0D27F4E}.Debug|Any CPU.Build.0 = Debug|Any CPU
		{C465D8C9-BCEC-4EC2-89BA-FB6CB0D27F4E}.Release|Any CPU.ActiveCfg = Release|Any CPU
		{C465D8C9-BCEC-4EC2-89BA-FB6CB0D27F4E}.Release|Any CPU.Build.0 = Release|Any CPU
	EndGlobalSection
	GlobalSection(SolutionProperties) = preSolution
		HideSolutionNode = FALSE
	EndGlobalSection
	GlobalSection(ExtensibilityGlobals) = postSolution
		SolutionGuid = {5BF86AAF-3651-4ACB-A735-58C1082F2774}
	EndGlobalSection
EndGlobal
